
Microsoft Visual Studio Solution File, Format Version 12.00
# Visual Studio Version 16
VisualStudioVersion = 16.0.29613.14
MinimumVisualStudioVersion = 10.0.40219.1
Project("{FAE04EC0-301F-11D3-BF4B-00C04F79EFBC}") = "M1.Android", "M1\M1.Android\M1.Android.csproj", "{273B2862-38D6-4E73-B1AD-DAE38053B38E}"
EndProject
Project("{FAE04EC0-301F-11D3-BF4B-00C04F79EFBC}") = "M1.iOS", "M1\M1.iOS\M1.iOS.csproj", "{1F4EB56D-4017-40F2-9922-C85D0F6B3599}"
EndProject
Project("{FAE04EC0-301F-11D3-BF4B-00C04F79EFBC}") = "M1", "M1\M1\M1.csproj", "{E2593A93-738A-44EA-A3E1-FC665AAE56C7}"
EndProject
Global
	GlobalSection(SolutionConfigurationPlatforms) = preSolution
		Debug|Any CPU = Debug|Any CPU
		Debug|iPhone = Debug|iPhone
		Debug|iPhoneSimulator = Debug|iPhoneSimulator
		Release|Any CPU = Release|Any CPU
		Release|iPhone = Release|iPhone
		Release|iPhoneSimulator = Release|iPhoneSimulator
	EndGlobalSection
	GlobalSection(ProjectConfigurationPlatforms) = postSolution
		{273B2862-38D6-4E73-B1AD-DAE38053B38E}.Debug|Any CPU.ActiveCfg = Debug|Any CPU
		{273B2862-38D6-4E73-B1AD-DAE38053B38E}.Debug|Any CPU.Build.0 = Debug|Any CPU
		{273B2862-38D6-4E73-B1AD-DAE38053B38E}.Debug|Any CPU.Deploy.0 = Debug|Any CPU
		{273B2862-38D6-4E73-B1AD-DAE38053B38E}.Debug|iPhone.ActiveCfg = Debug|Any CPU
		{273B2862-38D6-4E73-B1AD-DAE38053B38E}.Debug|iPhone.Build.0 = Debug|Any CPU
		{273B2862-38D6-4E73-B1AD-DAE38053B38E}.Debug|iPhone.Deploy.0 = Debug|Any CPU
		{273B2862-38D6-4E73-B1AD-DAE38053B38E}.Debug|iPhoneSimulator.ActiveCfg = Debug|Any CPU
		{273B2862-38D6-4E73-B1AD-DAE38053B38E}.Debug|iPhoneSimulator.Build.0 = Debug|Any CPU
		{273B2862-38D6-4E73-B1AD-DAE38053B38E}.Debug|iPhoneSimulator.Deploy.0 = Debug|Any CPU
		{273B2862-38D6-4E73-B1AD-DAE38053B38E}.Release|Any CPU.ActiveCfg = Release|Any CPU
		{273B2862-38D6-4E73-B1AD-DAE38053B38E}.Release|Any CPU.Build.0 = Release|Any CPU
		{273B2862-38D6-4E73-B1AD-DAE38053B38E}.Release|Any CPU.Deploy.0 = Release|Any CPU
		{273B2862-38D6-4E73-B1AD-DAE38053B38E}.Release|iPhone.ActiveCfg = Release|Any CPU
		{273B2862-38D6-4E73-B1AD-DAE38053B38E}.Release|iPhone.Build.0 = Release|Any CPU
		{273B2862-38D6-4E73-B1AD-DAE38053B38E}.Release|iPhone.Deploy.0 = Release|Any CPU
		{273B2862-38D6-4E73-B1AD-DAE38053B38E}.Release|iPhoneSimulator.ActiveCfg = Release|Any CPU
		{273B2862-38D6-4E73-B1AD-DAE38053B38E}.Release|iPhoneSimulator.Build.0 = Release|Any CPU
		{273B2862-38D6-4E73-B1AD-DAE38053B38E}.Release|iPhoneSimulator.Deploy.0 = Release|Any CPU
		{1F4EB56D-4017-40F2-9922-C85D0F6B3599}.Debug|Any CPU.ActiveCfg = Debug|iPhoneSimulator
		{1F4EB56D-4017-40F2-9922-C85D0F6B3599}.Debug|Any CPU.Build.0 = Debug|iPhoneSimulator
		{1F4EB56D-4017-40F2-9922-C85D0F6B3599}.Debug|Any CPU.Deploy.0 = Debug|iPhoneSimulator
		{1F4EB56D-4017-40F2-9922-C85D0F6B3599}.Debug|iPhone.ActiveCfg = Debug|iPhone
		{1F4EB56D-4017-40F2-9922-C85D0F6B3599}.Debug|iPhone.Build.0 = Debug|iPhone
		{1F4EB56D-4017-40F2-9922-C85D0F6B3599}.Debug|iPhone.Deploy.0 = Debug|iPhone
		{1F4EB56D-4017-40F2-9922-C85D0F6B3599}.Debug|iPhoneSimulator.ActiveCfg = Debug|iPhoneSimulator
		{1F4EB56D-4017-40F2-9922-C85D0F6B3599}.Debug|iPhoneSimulator.Build.0 = Debug|iPhoneSimulator
		{1F4EB56D-4017-40F2-9922-C85D0F6B3599}.Debug|iPhoneSimulator.Deploy.0 = Debug|iPhoneSimulator
		{1F4EB56D-4017-40F2-9922-C85D0F6B3599}.Release|Any CPU.ActiveCfg = Release|iPhone
		{1F4EB56D-4017-40F2-9922-C85D0F6B3599}.Release|Any CPU.Build.0 = Release|iPhone
		{1F4EB56D-4017-40F2-9922-C85D0F6B3599}.Release|Any CPU.Deploy.0 = Release|iPhone
		{1F4EB56D-4017-40F2-9922-C85D0F6B3599}.Release|iPhone.ActiveCfg = Release|iPhone
		{1F4EB56D-4017-40F2-9922-C85D0F6B3599}.Release|iPhone.Build.0 = Release|iPhone
		{1F4EB56D-4017-40F2-9922-C85D0F6B3599}.Release|iPhone.Deploy.0 = Release|iPhone
		{1F4EB56D-4017-40F2-9922-C85D0F6B3599}.Release|iPhoneSimulator.ActiveCfg = Release|iPhoneSimulator
		{1F4EB56D-4017-40F2-9922-C85D0F6B3599}.Release|iPhoneSimulator.Build.0 = Release|iPhoneSimulator
		{1F4EB56D-4017-40F2-9922-C85D0F6B3599}.Release|iPhoneSimulator.Deploy.0 = Release|iPhoneSimulator
		{E2593A93-738A-44EA-A3E1-FC665AAE56C7}.Debug|Any CPU.ActiveCfg = Debug|Any CPU
		{E2593A93-738A-44EA-A3E1-FC665AAE56C7}.Debug|Any CPU.Build.0 = Debug|Any CPU
		{E2593A93-738A-44EA-A3E1-FC665AAE56C7}.Debug|Any CPU.Deploy.0 = Debug|Any CPU
		{E2593A93-738A-44EA-A3E1-FC665AAE56C7}.Debug|iPhone.ActiveCfg = Debug|Any CPU
		{E2593A93-738A-44EA-A3E1-FC665AAE56C7}.Debug|iPhone.Build.0 = Debug|Any CPU
		{E2593A93-738A-44EA-A3E1-FC665AAE56C7}.Debug|iPhone.Deploy.0 = Debug|Any CPU
		{E2593A93-738A-44EA-A3E1-FC665AAE56C7}.Debug|iPhoneSimulator.ActiveCfg = Debug|Any CPU
		{E2593A93-738A-44EA-A3E1-FC665AAE56C7}.Debug|iPhoneSimulator.Build.0 = Debug|Any CPU
		{E2593A93-738A-44EA-A3E1-FC665AAE56C7}.Debug|iPhoneSimulator.Deploy.0 = Debug|Any CPU
		{E2593A93-738A-44EA-A3E1-FC665AAE56C7}.Release|Any CPU.ActiveCfg = Release|Any CPU
		{E2593A93-738A-44EA-A3E1-FC665AAE56C7}.Release|Any CPU.Build.0 = Release|Any CPU
		{E2593A93-738A-44EA-A3E1-FC665AAE56C7}.Release|Any CPU.Deploy.0 = Release|Any CPU
		{E2593A93-738A-44EA-A3E1-FC665AAE56C7}.Release|iPhone.ActiveCfg = Release|Any CPU
		{E2593A93-738A-44EA-A3E1-FC665AAE56C7}.Release|iPhone.Build.0 = Release|Any CPU
		{E2593A93-738A-44EA-A3E1-FC665AAE56C7}.Release|iPhone.Deploy.0 = Release|Any CPU
		{E2593A93-738A-44EA-A3E1-FC665AAE56C7}.Release|iPhoneSimulator.ActiveCfg = Release|Any CPU
		{E2593A93-738A-44EA-A3E1-FC665AAE56C7}.Release|iPhoneSimulator.Build.0 = Release|Any CPU
		{E2593A93-738A-44EA-A3E1-FC665AAE56C7}.Release|iPhoneSimulator.Deploy.0 = Release|Any CPU
	EndGlobalSection
	GlobalSection(SolutionProperties) = preSolution
		HideSolutionNode = FALSE
	EndGlobalSection
	GlobalSection(ExtensibilityGlobals) = postSolution
		SolutionGuid = {964358E3-DEDD-4189-91C8-7B561F17CD84}
	EndGlobalSection
EndGlobal
